
Microsoft Visual Studio Solution File, Format Version 12.00
# Visual Studio Version 16
VisualStudioVersion = 16.0.30225.117
MinimumVisualStudioVersion = 10.0.40219.1
Project("{FAE04EC0-301F-11D3-BF4B-00C04F79EFBC}") = "Lab 2.1", "Lab 2.1.csproj", "{4232D8F7-0B81-4EA1-A7B0-A186708EFE7C}"
EndProject
Global
	GlobalSection(SolutionConfigurationPlatforms) = preSolution
		Debug|Any CPU = Debug|Any CPU
		Release|Any CPU = Release|Any CPU
	EndGlobalSection
	GlobalSection(ProjectConfigurationPlatforms) = postSolution
		{4232D8F7-0B81-4EA1-A7B0-A186708EFE7C}.Debug|Any CPU.ActiveCfg = Debug|Any CPU
		{4232D8F7-0B81-4EA1-A7B0-A186708EFE7C}.Debug|Any CPU.Build.0 = Debug|Any CPU
		{4232D8F7-0B81-4EA1-A7B0-A186708EFE7C}.Release|Any CPU.ActiveCfg = Release|Any CPU
		{4232D8F7-0B81-4EA1-A7B0-A186708EFE7C}.Release|Any CPU.Build.0 = Release|Any CPU
	EndGlobalSection
	GlobalSection(SolutionProperties) = preSolution
		HideSolutionNode = FALSE
	EndGlobalSection
	GlobalSection(ExtensibilityGlobals) = postSolution
		SolutionGuid = {899CB499-2E98-4782-8AFA-6F7F6FCE8A54}
	EndGlobalSection
EndGlobal
